
Microsoft Visual Studio Solution File, Format Version 12.00
# Visual Studio Version 17
VisualStudioVersion = 17.9.34723.18
MinimumVisualStudioVersion = 10.0.40219.1
Project("{FAE04EC0-301F-11D3-BF4B-00C04F79EFBC}") = "APBD_8", "APBD_8\APBD_8.csproj", "{E8328CA4-DEC1-40BC-9D0B-62D904FE5473}"
EndProject
Global
	GlobalSection(SolutionConfigurationPlatforms) = preSolution
		Debug|Any CPU = Debug|Any CPU
		Release|Any CPU = Release|Any CPU
	EndGlobalSection
	GlobalSection(ProjectConfigurationPlatforms) = postSolution
		{E8328CA4-DEC1-40BC-9D0B-62D904FE5473}.Debug|Any CPU.ActiveCfg = Debug|Any CPU
		{E8328CA4-DEC1-40BC-9D0B-62D904FE5473}.Debug|Any CPU.Build.0 = Debug|Any CPU
		{E8328CA4-DEC1-40BC-9D0B-62D904FE5473}.Release|Any CPU.ActiveCfg = Release|Any CPU
		{E8328CA4-DEC1-40BC-9D0B-62D904FE5473}.Release|Any CPU.Build.0 = Release|Any CPU
	EndGlobalSection
	GlobalSection(SolutionProperties) = preSolution
		HideSolutionNode = FALSE
	EndGlobalSection
	GlobalSection(ExtensibilityGlobals) = postSolution
		SolutionGuid = {3A524C6E-DD60-4D4D-A637-713F2B58B01C}
	EndGlobalSection
EndGlobal
